
Microsoft Visual Studio Solution File, Format Version 12.00
# Visual Studio Version 16
VisualStudioVersion = 25.0.1700.0
MinimumVisualStudioVersion = 10.0.40219.1
Project("{FAE04EC0-301F-11D3-BF4B-00C04F79EFBC}") = "SportsPro", "SportsPro\SportsPro.csproj", "{93287263-5EA8-45FF-BCA7-292F9C3E03C3}"
EndProject
Global
	GlobalSection(SolutionConfigurationPlatforms) = preSolution
		Debug|Any CPU = Debug|Any CPU
		Release|Any CPU = Release|Any CPU
	EndGlobalSection
	GlobalSection(ProjectConfigurationPlatforms) = postSolution
		{93287263-5EA8-45FF-BCA7-292F9C3E03C3}.Debug|Any CPU.ActiveCfg = Debug|Any CPU
		{93287263-5EA8-45FF-BCA7-292F9C3E03C3}.Debug|Any CPU.Build.0 = Debug|Any CPU
		{93287263-5EA8-45FF-BCA7-292F9C3E03C3}.Release|Any CPU.ActiveCfg = Release|Any CPU
		{93287263-5EA8-45FF-BCA7-292F9C3E03C3}.Release|Any CPU.Build.0 = Release|Any CPU
	EndGlobalSection
	GlobalSection(SolutionProperties) = preSolution
		HideSolutionNode = FALSE
	EndGlobalSection
	GlobalSection(ExtensibilityGlobals) = postSolution
		SolutionGuid = {3BACA4CA-FF42-465D-A6BA-8C1B0DAEF293}
	EndGlobalSection
EndGlobal
